// !$*UTF8*$!
{
	archiveVersion = 1;
	classes = {
	};
	objectVersion = 77;
	objects = {

/* Begin PBXBuildFile section */
		0CCE966E39D5C18286B114B8 /* Pods_WeatherAppSimple.framework in Frameworks */ = {isa = PBXBuildFile; fileRef = 5251616F1661F8BD89F74F3D /* Pods_WeatherAppSimple.framework */; };
		C78917D6F4072138830BAB4A /* Pods_WeatherAppSimple_WeatherAppSimpleUITests.framework in Frameworks */ = {isa = PBXBuildFile; fileRef = 366A13E99418D0061A595D35 /* Pods_WeatherAppSimple_WeatherAppSimpleUITests.framework */; };
		CE592531FEF090E9EE2CB7EF /* Pods_WeatherAppSimpleTests.framework in Frameworks */ = {isa = PBXBuildFile; fileRef = 74FA4E5E6E34C702102EF8DB /* Pods_WeatherAppSimpleTests.framework */; };
		D015340C2D8BF9AA00FEA7CB /* NVActivityIndicatorView in Frameworks */ = {isa = PBXBuildFile; productRef = D015340B2D8BF9AA00FEA7CB /* NVActivityIndicatorView */; };
/* End PBXBuildFile section */

/* Begin PBXContainerItemProxy section */
		D02225ED2D8976D700774DBB /* PBXContainerItemProxy */ = {
			isa = PBXContainerItemProxy;
			containerPortal = D02225CF2D8976D400774DBB /* Project object */;
			proxyType = 1;
			remoteGlobalIDString = D02225D62D8976D400774DBB;
			remoteInfo = WeatherAppSimple;
		};
		D02225F72D8976D700774DBB /* PBXContainerItemProxy */ = {
			isa = PBXContainerItemProxy;
			containerPortal = D02225CF2D8976D400774DBB /* Project object */;
			proxyType = 1;
			remoteGlobalIDString = D02225D62D8976D400774DBB;
			remoteInfo = WeatherAppSimple;
		};
/* End PBXContainerItemProxy section */

/* Begin PBXFileReference section */
		366A13E99418D0061A595D35 /* Pods_WeatherAppSimple_WeatherAppSimpleUITests.framework */ = {isa = PBXFileReference; explicitFileType = wrapper.framework; includeInIndex = 0; path = Pods_WeatherAppSimple_WeatherAppSimpleUITests.framework; sourceTree = BUILT_PRODUCTS_DIR; };
		4AD5447A0847A798803654BB /* Pods-WeatherAppSimple-WeatherAppSimpleUITests.debug.xcconfig */ = {isa = PBXFileReference; includeInIndex = 1; lastKnownFileType = text.xcconfig; name = "Pods-WeatherAppSimple-WeatherAppSimpleUITests.debug.xcconfig"; path = "Target Support Files/Pods-WeatherAppSimple-WeatherAppSimpleUITests/Pods-WeatherAppSimple-WeatherAppSimpleUITests.debug.xcconfig"; sourceTree = "<group>"; };
		5251616F1661F8BD89F74F3D /* Pods_WeatherAppSimple.framework */ = {isa = PBXFileReference; explicitFileType = wrapper.framework; includeInIndex = 0; path = Pods_WeatherAppSimple.framework; sourceTree = BUILT_PRODUCTS_DIR; };
		74FA4E5E6E34C702102EF8DB /* Pods_WeatherAppSimpleTests.framework */ = {isa = PBXFileReference; explicitFileType = wrapper.framework; includeInIndex = 0; path = Pods_WeatherAppSimpleTests.framework; sourceTree = BUILT_PRODUCTS_DIR; };
		81D3BA571566A9E5BBE38FF7 /* Pods-WeatherAppSimpleTests.debug.xcconfig */ = {isa = PBXFileReference; includeInIndex = 1; lastKnownFileType = text.xcconfig; name = "Pods-WeatherAppSimpleTests.debug.xcconfig"; path = "Target Support Files/Pods-WeatherAppSimpleTests/Pods-WeatherAppSimpleTests.debug.xcconfig"; sourceTree = "<group>"; };
		B5AECC7EB1FA047DF422196B /* Pods-WeatherAppSimpleTests.release.xcconfig */ = {isa = PBXFileReference; includeInIndex = 1; lastKnownFileType = text.xcconfig; name = "Pods-WeatherAppSimpleTests.release.xcconfig"; path = "Target Support Files/Pods-WeatherAppSimpleTests/Pods-WeatherAppSimpleTests.release.xcconfig"; sourceTree = "<group>"; };
		CA382EA2109211BD6F6B5533 /* Pods-WeatherAppSimple.debug.xcconfig */ = {isa = PBXFileReference; includeInIndex = 1; lastKnownFileType = text.xcconfig; name = "Pods-WeatherAppSimple.debug.xcconfig"; path = "Target Support Files/Pods-WeatherAppSimple/Pods-WeatherAppSimple.debug.xcconfig"; sourceTree = "<group>"; };
		D02225D72D8976D400774DBB /* WeatherAppSimple.app */ = {isa = PBXFileReference; explicitFileType = wrapper.application; includeInIndex = 0; path = WeatherAppSimple.app; sourceTree = BUILT_PRODUCTS_DIR; };
		D02225EC2D8976D700774DBB /* WeatherAppSimpleTests.xctest */ = {isa = PBXFileReference; explicitFileType = wrapper.cfbundle; includeInIndex = 0; path = WeatherAppSimpleTests.xctest; sourceTree = BUILT_PRODUCTS_DIR; };
		D02225F62D8976D700774DBB /* WeatherAppSimpleUITests.xctest */ = {isa = PBXFileReference; explicitFileType = wrapper.cfbundle; includeInIndex = 0; path = WeatherAppSimpleUITests.xctest; sourceTree = BUILT_PRODUCTS_DIR; };
		E0EC5F69C1C7D49826A8F73C /* Pods-WeatherAppSimple-WeatherAppSimpleUITests.release.xcconfig */ = {isa = PBXFileReference; includeInIndex = 1; lastKnownFileType = text.xcconfig; name = "Pods-WeatherAppSimple-WeatherAppSimpleUITests.release.xcconfig"; path = "Target Support Files/Pods-WeatherAppSimple-WeatherAppSimpleUITests/Pods-WeatherAppSimple-WeatherAppSimpleUITests.release.xcconfig"; sourceTree = "<group>"; };
		EA68A04323CF3428337C134E /* Pods-WeatherAppSimple.release.xcconfig */ = {isa = PBXFileReference; includeInIndex = 1; lastKnownFileType = text.xcconfig; name = "Pods-WeatherAppSimple.release.xcconfig"; path = "Target Support Files/Pods-WeatherAppSimple/Pods-WeatherAppSimple.release.xcconfig"; sourceTree = "<group>"; };
/* End PBXFileReference section */

/* Begin PBXFileSystemSynchronizedRootGroup section */
		D02225D92D8976D400774DBB /* WeatherAppSimple */ = {
			isa = PBXFileSystemSynchronizedRootGroup;
			path = WeatherAppSimple;
			sourceTree = "<group>";
		};
		D02225EF2D8976D700774DBB /* WeatherAppSimpleTests */ = {
			isa = PBXFileSystemSynchronizedRootGroup;
			path = WeatherAppSimpleTests;
			sourceTree = "<group>";
		};
		D02225F92D8976D700774DBB /* WeatherAppSimpleUITests */ = {
			isa = PBXFileSystemSynchronizedRootGroup;
			path = WeatherAppSimpleUITests;
			sourceTree = "<group>";
		};
/* End PBXFileSystemSynchronizedRootGroup section */

/* Begin PBXFrameworksBuildPhase section */
		D02225D42D8976D400774DBB /* Frameworks */ = {
			isa = PBXFrameworksBuildPhase;
			buildActionMask = 2147483647;
			files = (
				D015340C2D8BF9AA00FEA7CB /* NVActivityIndicatorView in Frameworks */,
				0CCE966E39D5C18286B114B8 /* Pods_WeatherAppSimple.framework in Frameworks */,
			);
			runOnlyForDeploymentPostprocessing = 0;
		};
		D02225E92D8976D700774DBB /* Frameworks */ = {
			isa = PBXFrameworksBuildPhase;
			buildActionMask = 2147483647;
			files = (
				CE592531FEF090E9EE2CB7EF /* Pods_WeatherAppSimpleTests.framework in Frameworks */,
			);
			runOnlyForDeploymentPostprocessing = 0;
		};
		D02225F32D8976D700774DBB /* Frameworks */ = {
			isa = PBXFrameworksBuildPhase;
			buildActionMask = 2147483647;
			files = (
				C78917D6F4072138830BAB4A /* Pods_WeatherAppSimple_WeatherAppSimpleUITests.framework in Frameworks */,
			);
			runOnlyForDeploymentPostprocessing = 0;
		};
/* End PBXFrameworksBuildPhase section */

/* Begin PBXGroup section */
		3E74C1D2BC8D3681B3A578FA /* Frameworks */ = {
			isa = PBXGroup;
			children = (
				5251616F1661F8BD89F74F3D /* Pods_WeatherAppSimple.framework */,
				366A13E99418D0061A595D35 /* Pods_WeatherAppSimple_WeatherAppSimpleUITests.framework */,
				74FA4E5E6E34C702102EF8DB /* Pods_WeatherAppSimpleTests.framework */,
			);
			name = Frameworks;
			sourceTree = "<group>";
		};
		D02225CE2D8976D400774DBB = {
			isa = PBXGroup;
			children = (
				D02225D92D8976D400774DBB /* WeatherAppSimple */,
				D02225EF2D8976D700774DBB /* WeatherAppSimpleTests */,
				D02225F92D8976D700774DBB /* WeatherAppSimpleUITests */,
				D02225D82D8976D400774DBB /* Products */,
				D7EA904A4F3E934D3C3BADE8 /* Pods */,
				3E74C1D2BC8D3681B3A578FA /* Frameworks */,
			);
			sourceTree = "<group>";
		};
		D02225D82D8976D400774DBB /* Products */ = {
			isa = PBXGroup;
			children = (
				D02225D72D8976D400774DBB /* WeatherAppSimple.app */,
				D02225EC2D8976D700774DBB /* WeatherAppSimpleTests.xctest */,
				D02225F62D8976D700774DBB /* WeatherAppSimpleUITests.xctest */,
			);
			name = Products;
			sourceTree = "<group>";
		};
		D7EA904A4F3E934D3C3BADE8 /* Pods */ = {
			isa = PBXGroup;
			children = (
				CA382EA2109211BD6F6B5533 /* Pods-WeatherAppSimple.debug.xcconfig */,
				EA68A04323CF3428337C134E /* Pods-WeatherAppSimple.release.xcconfig */,
				4AD5447A0847A798803654BB /* Pods-WeatherAppSimple-WeatherAppSimpleUITests.debug.xcconfig */,
				E0EC5F69C1C7D49826A8F73C /* Pods-WeatherAppSimple-WeatherAppSimpleUITests.release.xcconfig */,
				81D3BA571566A9E5BBE38FF7 /* Pods-WeatherAppSimpleTests.debug.xcconfig */,
				B5AECC7EB1FA047DF422196B /* Pods-WeatherAppSimpleTests.release.xcconfig */,
			);
			path = Pods;
			sourceTree = "<group>";
		};
/* End PBXGroup section */

/* Begin PBXNativeTarget section */
		D02225D62D8976D400774DBB /* WeatherAppSimple */ = {
			isa = PBXNativeTarget;
			buildConfigurationList = D02226002D8976D700774DBB /* Build configuration list for PBXNativeTarget "WeatherAppSimple" */;
			buildPhases = (
				67F0B128598416A7D809E5F7 /* [CP] Check Pods Manifest.lock */,
				D02225D32D8976D400774DBB /* Sources */,
				D02225D42D8976D400774DBB /* Frameworks */,
				D02225D52D8976D400774DBB /* Resources */,
			);
			buildRules = (
			);
			dependencies = (
			);
			fileSystemSynchronizedGroups = (
				D02225D92D8976D400774DBB /* WeatherAppSimple */,
			);
			name = WeatherAppSimple;
			productName = WeatherAppSimple;
			productReference = D02225D72D8976D400774DBB /* WeatherAppSimple.app */;
			productType = "com.apple.product-type.application";
		};
		D02225EB2D8976D700774DBB /* WeatherAppSimpleTests */ = {
			isa = PBXNativeTarget;
			buildConfigurationList = D02226032D8976D700774DBB /* Build configuration list for PBXNativeTarget "WeatherAppSimpleTests" */;
			buildPhases = (
				CB08AE2B8202B2349F4733F9 /* [CP] Check Pods Manifest.lock */,
				D02225E82D8976D700774DBB /* Sources */,
				D02225E92D8976D700774DBB /* Frameworks */,
				D02225EA2D8976D700774DBB /* Resources */,
			);
			buildRules = (
			);
			dependencies = (
				D02225EE2D8976D700774DBB /* PBXTargetDependency */,
			);
			fileSystemSynchronizedGroups = (
				D02225EF2D8976D700774DBB /* WeatherAppSimpleTests */,
			);
			name = WeatherAppSimpleTests;
			productName = WeatherAppSimpleTests;
			productReference = D02225EC2D8976D700774DBB /* WeatherAppSimpleTests.xctest */;
			productType = "com.apple.product-type.bundle.unit-test";
		};
		D02225F52D8976D700774DBB /* WeatherAppSimpleUITests */ = {
			isa = PBXNativeTarget;
			buildConfigurationList = D02226062D8976D700774DBB /* Build configuration list for PBXNativeTarget "WeatherAppSimpleUITests" */;
			buildPhases = (
				FE4DFC1A94A0EA7C233FCA44 /* [CP] Check Pods Manifest.lock */,
				D02225F22D8976D700774DBB /* Sources */,
				D02225F32D8976D700774DBB /* Frameworks */,
				D02225F42D8976D700774DBB /* Resources */,
			);
			buildRules = (
			);
			dependencies = (
				D02225F82D8976D700774DBB /* PBXTargetDependency */,
			);
			fileSystemSynchronizedGroups = (
				D02225F92D8976D700774DBB /* WeatherAppSimpleUITests */,
			);
			name = WeatherAppSimpleUITests;
			productName = WeatherAppSimpleUITests;
			productReference = D02225F62D8976D700774DBB /* WeatherAppSimpleUITests.xctest */;
			productType = "com.apple.product-type.bundle.ui-testing";
		};
/* End PBXNativeTarget section */

/* Begin PBXProject section */
		D02225CF2D8976D400774DBB /* Project object */ = {
			isa = PBXProject;
			attributes = {
				BuildIndependentTargetsInParallel = 1;
				LastSwiftUpdateCheck = 1620;
				LastUpgradeCheck = 1620;
				TargetAttributes = {
					D02225D62D8976D400774DBB = {
						CreatedOnToolsVersion = 16.2;
					};
					D02225EB2D8976D700774DBB = {
						CreatedOnToolsVersion = 16.2;
						TestTargetID = D02225D62D8976D400774DBB;
					};
					D02225F52D8976D700774DBB = {
						CreatedOnToolsVersion = 16.2;
						TestTargetID = D02225D62D8976D400774DBB;
					};
				};
			};
			buildConfigurationList = D02225D22D8976D400774DBB /* Build configuration list for PBXProject "WeatherAppSimple" */;
			developmentRegion = en;
			hasScannedForEncodings = 0;
			knownRegions = (
				en,
				Base,
			);
			mainGroup = D02225CE2D8976D400774DBB;
			minimizedProjectReferenceProxies = 1;
			packageReferences = (
				D015340A2D8BF9AA00FEA7CB /* XCRemoteSwiftPackageReference "NVActivityIndicatorView" */,
			);
			preferredProjectObjectVersion = 77;
			productRefGroup = D02225D82D8976D400774DBB /* Products */;
			projectDirPath = "";
			projectRoot = "";
			targets = (
				D02225D62D8976D400774DBB /* WeatherAppSimple */,
				D02225EB2D8976D700774DBB /* WeatherAppSimpleTests */,
				D02225F52D8976D700774DBB /* WeatherAppSimpleUITests */,
			);
		};
/* End PBXProject section */

/* Begin PBXResourcesBuildPhase section */
		D02225D52D8976D400774DBB /* Resources */ = {
			isa = PBXResourcesBuildPhase;
			buildActionMask = 2147483647;
			files = (
			);
			runOnlyForDeploymentPostprocessing = 0;
		};
		D02225EA2D8976D700774DBB /* Resources */ = {
			isa = PBXResourcesBuildPhase;
			buildActionMask = 2147483647;
			files = (
			);
			runOnlyForDeploymentPostprocessing = 0;
		};
		D02225F42D8976D700774DBB /* Resources */ = {
			isa = PBXResourcesBuildPhase;
			buildActionMask = 2147483647;
			files = (
			);
			runOnlyForDeploymentPostprocessing = 0;
		};
/* End PBXResourcesBuildPhase section */

/* Begin PBXShellScriptBuildPhase section */
		67F0B128598416A7D809E5F7 /* [CP] Check Pods Manifest.lock */ = {
			isa = PBXShellScriptBuildPhase;
			buildActionMask = 2147483647;
			files = (
			);
			inputFileListPaths = (
			);
			inputPaths = (
				"${PODS_PODFILE_DIR_PATH}/Podfile.lock",
				"${PODS_ROOT}/Manifest.lock",
			);
			name = "[CP] Check Pods Manifest.lock";
			outputFileListPaths = (
			);
			outputPaths = (
				"$(DERIVED_FILE_DIR)/Pods-WeatherAppSimple-checkManifestLockResult.txt",
			);
			runOnlyForDeploymentPostprocessing = 0;
			shellPath = /bin/sh;
			shellScript = "diff \"${PODS_PODFILE_DIR_PATH}/Podfile.lock\" \"${PODS_ROOT}/Manifest.lock\" > /dev/null\nif [ $? != 0 ] ; then\n    # print error to STDERR\n    echo \"error: The sandbox is not in sync with the Podfile.lock. Run 'pod install' or update your CocoaPods installation.\" >&2\n    exit 1\nfi\n# This output is used by Xcode 'outputs' to avoid re-running this script phase.\necho \"SUCCESS\" > \"${SCRIPT_OUTPUT_FILE_0}\"\n";
			showEnvVarsInLog = 0;
		};
		CB08AE2B8202B2349F4733F9 /* [CP] Check Pods Manifest.lock */ = {
			isa = PBXShellScriptBuildPhase;
			buildActionMask = 2147483647;
			files = (
			);
			inputFileListPaths = (
			);
			inputPaths = (
				"${PODS_PODFILE_DIR_PATH}/Podfile.lock",
				"${PODS_ROOT}/Manifest.lock",
			);
			name = "[CP] Check Pods Manifest.lock";
			outputFileListPaths = (
			);
			outputPaths = (
				"$(DERIVED_FILE_DIR)/Pods-WeatherAppSimpleTests-checkManifestLockResult.txt",
			);
			runOnlyForDeploymentPostprocessing = 0;
			shellPath = /bin/sh;
			shellScript = "diff \"${PODS_PODFILE_DIR_PATH}/Podfile.lock\" \"${PODS_ROOT}/Manifest.lock\" > /dev/null\nif [ $? != 0 ] ; then\n    # print error to STDERR\n    echo \"error: The sandbox is not in sync with the Podfile.lock. Run 'pod install' or update your CocoaPods installation.\" >&2\n    exit 1\nfi\n# This output is used by Xcode 'outputs' to avoid re-running this script phase.\necho \"SUCCESS\" > \"${SCRIPT_OUTPUT_FILE_0}\"\n";
			showEnvVarsInLog = 0;
		};
		FE4DFC1A94A0EA7C233FCA44 /* [CP] Check Pods Manifest.lock */ = {
			isa = PBXShellScriptBuildPhase;
			buildActionMask = 2147483647;
			files = (
			);
			inputFileListPaths = (
			);
			inputPaths = (
				"${PODS_PODFILE_DIR_PATH}/Podfile.lock",
				"${PODS_ROOT}/Manifest.lock",
			);
			name = "[CP] Check Pods Manifest.lock";
			outputFileListPaths = (
			);
			outputPaths = (
				"$(DERIVED_FILE_DIR)/Pods-WeatherAppSimple-WeatherAppSimpleUITests-checkManifestLockResult.txt",
			);
			runOnlyForDeploymentPostprocessing = 0;
			shellPath = /bin/sh;
			shellScript = "diff \"${PODS_PODFILE_DIR_PATH}/Podfile.lock\" \"${PODS_ROOT}/Manifest.lock\" > /dev/null\nif [ $? != 0 ] ; then\n    # print error to STDERR\n    echo \"error: The sandbox is not in sync with the Podfile.lock. Run 'pod install' or update your CocoaPods installation.\" >&2\n    exit 1\nfi\n# This output is used by Xcode 'outputs' to avoid re-running this script phase.\necho \"SUCCESS\" > \"${SCRIPT_OUTPUT_FILE_0}\"\n";
			showEnvVarsInLog = 0;
		};
/* End PBXShellScriptBuildPhase section */

/* Begin PBXSourcesBuildPhase section */
		D02225D32D8976D400774DBB /* Sources */ = {
			isa = PBXSourcesBuildPhase;
			buildActionMask = 2147483647;
			files = (
			);
			runOnlyForDeploymentPostprocessing = 0;
		};
		D02225E82D8976D700774DBB /* Sources */ = {
			isa = PBXSourcesBuildPhase;
			buildActionMask = 2147483647;
			files = (
			);
			runOnlyForDeploymentPostprocessing = 0;
		};
		D02225F22D8976D700774DBB /* Sources */ = {
			isa = PBXSourcesBuildPhase;
			buildActionMask = 2147483647;
			files = (
			);
			runOnlyForDeploymentPostprocessing = 0;
		};
/* End PBXSourcesBuildPhase section */

/* Begin PBXTargetDependency section */
		D02225EE2D8976D700774DBB /* PBXTargetDependency */ = {
			isa = PBXTargetDependency;
			target = D02225D62D8976D400774DBB /* WeatherAppSimple */;
			targetProxy = D02225ED2D8976D700774DBB /* PBXContainerItemProxy */;
		};
		D02225F82D8976D700774DBB /* PBXTargetDependency */ = {
			isa = PBXTargetDependency;
			target = D02225D62D8976D400774DBB /* WeatherAppSimple */;
			targetProxy = D02225F72D8976D700774DBB /* PBXContainerItemProxy */;
		};
/* End PBXTargetDependency section */

/* Begin XCBuildConfiguration section */
		D02225FE2D8976D700774DBB /* Debug */ = {
			isa = XCBuildConfiguration;
			buildSettings = {
				ALWAYS_SEARCH_USER_PATHS = NO;
				ASSETCATALOG_COMPILER_GENERATE_SWIFT_ASSET_SYMBOL_EXTENSIONS = YES;
				CLANG_ANALYZER_NONNULL = YES;
				CLANG_ANALYZER_NUMBER_OBJECT_CONVERSION = YES_AGGRESSIVE;
				CLANG_CXX_LANGUAGE_STANDARD = "gnu++20";
				CLANG_ENABLE_MODULES = YES;
				CLANG_ENABLE_OBJC_ARC = YES;
				CLANG_ENABLE_OBJC_WEAK = YES;
				CLANG_WARN_BLOCK_CAPTURE_AUTORELEASING = YES;
				CLANG_WARN_BOOL_CONVERSION = YES;
				CLANG_WARN_COMMA = YES;
				CLANG_WARN_CONSTANT_CONVERSION = YES;
				CLANG_WARN_DEPRECATED_OBJC_IMPLEMENTATIONS = YES;
				CLANG_WARN_DIRECT_OBJC_ISA_USAGE = YES_ERROR;
				CLANG_WARN_DOCUMENTATION_COMMENTS = YES;
				CLANG_WARN_EMPTY_BODY = YES;
				CLANG_WARN_ENUM_CONVERSION = YES;
				CLANG_WARN_INFINITE_RECURSION = YES;
				CLANG_WARN_INT_CONVERSION = YES;
				CLANG_WARN_NON_LITERAL_NULL_CONVERSION = YES;
				CLANG_WARN_OBJC_IMPLICIT_RETAIN_SELF = YES;
				CLANG_WARN_OBJC_LITERAL_CONVERSION = YES;
				CLANG_WARN_OBJC_ROOT_CLASS = YES_ERROR;
				CLANG_WARN_QUOTED_INCLUDE_IN_FRAMEWORK_HEADER = YES;
				CLANG_WARN_RANGE_LOOP_ANALYSIS = YES;
				CLANG_WARN_STRICT_PROTOTYPES = YES;
				CLANG_WARN_SUSPICIOUS_MOVE = YES;
				CLANG_WARN_UNGUARDED_AVAILABILITY = YES_AGGRESSIVE;
				CLANG_WARN_UNREACHABLE_CODE = YES;
				CLANG_WARN__DUPLICATE_METHOD_MATCH = YES;
				COPY_PHASE_STRIP = NO;
				DEBUG_INFORMATION_FORMAT = dwarf;
				ENABLE_STRICT_OBJC_MSGSEND = YES;
				ENABLE_TESTABILITY = YES;
				ENABLE_USER_SCRIPT_SANDBOXING = YES;
				GCC_C_LANGUAGE_STANDARD = gnu17;
				GCC_DYNAMIC_NO_PIC = NO;
				GCC_NO_COMMON_BLOCKS = YES;
				GCC_OPTIMIZATION_LEVEL = 0;
				GCC_PREPROCESSOR_DEFINITIONS = (
					"DEBUG=1",
					"$(inherited)",
				);
				GCC_WARN_64_TO_32_BIT_CONVERSION = YES;
				GCC_WARN_ABOUT_RETURN_TYPE = YES_ERROR;
				GCC_WARN_UNDECLARED_SELECTOR = YES;
				GCC_WARN_UNINITIALIZED_AUTOS = YES_AGGRESSIVE;
				GCC_WARN_UNUSED_FUNCTION = YES;
				GCC_WARN_UNUSED_VARIABLE = YES;
				IPHONEOS_DEPLOYMENT_TARGET = 18.2;
				LOCALIZATION_PREFERS_STRING_CATALOGS = YES;
				MTL_ENABLE_DEBUG_INFO = INCLUDE_SOURCE;
				MTL_FAST_MATH = YES;
				ONLY_ACTIVE_ARCH = YES;
				SDKROOT = iphoneos;
				SWIFT_ACTIVE_COMPILATION_CONDITIONS = "DEBUG $(inherited)";
				SWIFT_OPTIMIZATION_LEVEL = "-Onone";
			};
			name = Debug;
		};
		D02225FF2D8976D700774DBB /* Release */ = {
			isa = XCBuildConfiguration;
			buildSettings = {
				ALWAYS_SEARCH_USER_PATHS = NO;
				ASSETCATALOG_COMPILER_GENERATE_SWIFT_ASSET_SYMBOL_EXTENSIONS = YES;
				CLANG_ANALYZER_NONNULL = YES;
				CLANG_ANALYZER_NUMBER_OBJECT_CONVERSION = YES_AGGRESSIVE;
				CLANG_CXX_LANGUAGE_STANDARD = "gnu++20";
				CLANG_ENABLE_MODULES = YES;
				CLANG_ENABLE_OBJC_ARC = YES;
				CLANG_ENABLE_OBJC_WEAK = YES;
				CLANG_WARN_BLOCK_CAPTURE_AUTORELEASING = YES;
				CLANG_WARN_BOOL_CONVERSION = YES;
				CLANG_WARN_COMMA = YES;
				CLANG_WARN_CONSTANT_CONVERSION = YES;
				CLANG_WARN_DEPRECATED_OBJC_IMPLEMENTATIONS = YES;
				CLANG_WARN_DIRECT_OBJC_ISA_USAGE = YES_ERROR;
				CLANG_WARN_DOCUMENTATION_COMMENTS = YES;
				CLANG_WARN_EMPTY_BODY = YES;
				CLANG_WARN_ENUM_CONVERSION = YES;
				CLANG_WARN_INFINITE_RECURSION = YES;
				CLANG_WARN_INT_CONVERSION = YES;
				CLANG_WARN_NON_LITERAL_NULL_CONVERSION = YES;
				CLANG_WARN_OBJC_IMPLICIT_RETAIN_SELF = YES;
				CLANG_WARN_OBJC_LITERAL_CONVERSION = YES;
				CLANG_WARN_OBJC_ROOT_CLASS = YES_ERROR;
				CLANG_WARN_QUOTED_INCLUDE_IN_FRAMEWORK_HEADER = YES;
				CLANG_WARN_RANGE_LOOP_ANALYSIS = YES;
				CLANG_WARN_STRICT_PROTOTYPES = YES;
				CLANG_WARN_SUSPICIOUS_MOVE = YES;
				CLANG_WARN_UNGUARDED_AVAILABILITY = YES_AGGRESSIVE;
				CLANG_WARN_UNREACHABLE_CODE = YES;
				CLANG_WARN__DUPLICATE_METHOD_MATCH = YES;
				COPY_PHASE_STRIP = NO;
				DEBUG_INFORMATION_FORMAT = "dwarf-with-dsym";
				ENABLE_NS_ASSERTIONS = NO;
				ENABLE_STRICT_OBJC_MSGSEND = YES;
				ENABLE_USER_SCRIPT_SANDBOXING = YES;
				GCC_C_LANGUAGE_STANDARD = gnu17;
				GCC_NO_COMMON_BLOCKS = YES;
				GCC_WARN_64_TO_32_BIT_CONVERSION = YES;
				GCC_WARN_ABOUT_RETURN_TYPE = YES_ERROR;
				GCC_WARN_UNDECLARED_SELECTOR = YES;
				GCC_WARN_UNINITIALIZED_AUTOS = YES_AGGRESSIVE;
				GCC_WARN_UNUSED_FUNCTION = YES;
				GCC_WARN_UNUSED_VARIABLE = YES;
				IPHONEOS_DEPLOYMENT_TARGET = 18.2;
				LOCALIZATION_PREFERS_STRING_CATALOGS = YES;
				MTL_ENABLE_DEBUG_INFO = NO;
				MTL_FAST_MATH = YES;
				SDKROOT = iphoneos;
				SWIFT_COMPILATION_MODE = wholemodule;
				VALIDATE_PRODUCT = YES;
			};
			name = Release;
		};
		D02226012D8976D700774DBB /* Debug */ = {
			isa = XCBuildConfiguration;
			baseConfigurationReference = CA382EA2109211BD6F6B5533 /* Pods-WeatherAppSimple.debug.xcconfig */;
			buildSettings = {
				ASSETCATALOG_COMPILER_APPICON_NAME = AppIcon;
				ASSETCATALOG_COMPILER_GLOBAL_ACCENT_COLOR_NAME = AccentColor;
				CODE_SIGN_STYLE = Automatic;
				CURRENT_PROJECT_VERSION = 1;
				DEVELOPMENT_ASSET_PATHS = "\"WeatherAppSimple/Preview Content\"";
				ENABLE_PREVIEWS = YES;
				GENERATE_INFOPLIST_FILE = YES;
				INFOPLIST_KEY_UIApplicationSceneManifest_Generation = YES;
				INFOPLIST_KEY_UIApplicationSupportsIndirectInputEvents = YES;
				INFOPLIST_KEY_UILaunchScreen_Generation = YES;
				INFOPLIST_KEY_UISupportedInterfaceOrientations_iPad = "UIInterfaceOrientationPortrait UIInterfaceOrientationPortraitUpsideDown UIInterfaceOrientationLandscapeLeft UIInterfaceOrientationLandscapeRight";
				INFOPLIST_KEY_UISupportedInterfaceOrientations_iPhone = "UIInterfaceOrientationPortrait UIInterfaceOrientationLandscapeLeft UIInterfaceOrientationLandscapeRight";
				LD_RUNPATH_SEARCH_PATHS = (
					"$(inherited)",
					"@executable_path/Frameworks",
				);
				MARKETING_VERSION = 1.0;
				PRODUCT_BUNDLE_IDENTIFIER = com.elexoft.WeatherAppSimple;
				PRODUCT_NAME = "$(TARGET_NAME)";
				SWIFT_EMIT_LOC_STRINGS = YES;
				SWIFT_VERSION = 5.0;
				TARGETED_DEVICE_FAMILY = "1,2";
			};
			name = Debug;
		};
		D02226022D8976D700774DBB /* Release */ = {
			isa = XCBuildConfiguration;
			baseConfigurationReference = EA68A04323CF3428337C134E /* Pods-WeatherAppSimple.release.xcconfig */;
			buildSettings = {
				ASSETCATALOG_COMPILER_APPICON_NAME = AppIcon;
				ASSETCATALOG_COMPILER_GLOBAL_ACCENT_COLOR_NAME = AccentColor;
				CODE_SIGN_STYLE = Automatic;
				CURRENT_PROJECT_VERSION = 1;
				DEVELOPMENT_ASSET_PATHS = "\"WeatherAppSimple/Preview Content\"";
				ENABLE_PREVIEWS = YES;
				GENERATE_INFOPLIST_FILE = YES;
				INFOPLIST_KEY_UIApplicationSceneManifest_Generation = YES;
				INFOPLIST_KEY_UIApplicationSupportsIndirectInputEvents = YES;
				INFOPLIST_KEY_UILaunchScreen_Generation = YES;
				INFOPLIST_KEY_UISupportedInterfaceOrientations_iPad = "UIInterfaceOrientationPortrait UIInterfaceOrientationPortraitUpsideDown UIInterfaceOrientationLandscapeLeft UIInterfaceOrientationLandscapeRight";
				INFOPLIST_KEY_UISupportedInterfaceOrientations_iPhone = "UIInterfaceOrientationPortrait UIInterfaceOrientationLandscapeLeft UIInterfaceOrientationLandscapeRight";
				LD_RUNPATH_SEARCH_PATHS = (
					"$(inherited)",
					"@executable_path/Frameworks",
				);
				MARKETING_VERSION = 1.0;
				PRODUCT_BUNDLE_IDENTIFIER = com.elexoft.WeatherAppSimple;
				PRODUCT_NAME = "$(TARGET_NAME)";
				SWIFT_EMIT_LOC_STRINGS = YES;
				SWIFT_VERSION = 5.0;
				TARGETED_DEVICE_FAMILY = "1,2";
			};
			name = Release;
		};
		D02226042D8976D700774DBB /* Debug */ = {
			isa = XCBuildConfiguration;
			baseConfigurationReference = 81D3BA571566A9E5BBE38FF7 /* Pods-WeatherAppSimpleTests.debug.xcconfig */;
			buildSettings = {
				BUNDLE_LOADER = "$(TEST_HOST)";
				CODE_SIGN_STYLE = Automatic;
				CURRENT_PROJECT_VERSION = 1;
				GENERATE_INFOPLIST_FILE = YES;
				IPHONEOS_DEPLOYMENT_TARGET = 18.2;
				MARKETING_VERSION = 1.0;
				PRODUCT_BUNDLE_IDENTIFIER = com.elexoft.WeatherAppSimpleTests;
				PRODUCT_NAME = "$(TARGET_NAME)";
				SWIFT_EMIT_LOC_STRINGS = NO;
				SWIFT_VERSION = 5.0;
				TARGETED_DEVICE_FAMILY = "1,2";
				TEST_HOST = "$(BUILT_PRODUCTS_DIR)/WeatherAppSimple.app/$(BUNDLE_EXECUTABLE_FOLDER_PATH)/WeatherAppSimple";
			};
			name = Debug;
		};
		D02226052D8976D700774DBB /* Release */ = {
			isa = XCBuildConfiguration;
			baseConfigurationReference = B5AECC7EB1FA047DF422196B /* Pods-WeatherAppSimpleTests.release.xcconfig */;
			buildSettings = {
				BUNDLE_LOADER = "$(TEST_HOST)";
				CODE_SIGN_STYLE = Automatic;
				CURRENT_PROJECT_VERSION = 1;
				GENERATE_INFOPLIST_FILE = YES;
				IPHONEOS_DEPLOYMENT_TARGET = 18.2;
				MARKETING_VERSION = 1.0;
				PRODUCT_BUNDLE_IDENTIFIER = com.elexoft.WeatherAppSimpleTests;
				PRODUCT_NAME = "$(TARGET_NAME)";
				SWIFT_EMIT_LOC_STRINGS = NO;
				SWIFT_VERSION = 5.0;
				TARGETED_DEVICE_FAMILY = "1,2";
				TEST_HOST = "$(BUILT_PRODUCTS_DIR)/WeatherAppSimple.app/$(BUNDLE_EXECUTABLE_FOLDER_PATH)/WeatherAppSimple";
			};
			name = Release;
		};
		D02226072D8976D700774DBB /* Debug */ = {
			isa = XCBuildConfiguration;
			baseConfigurationReference = 4AD5447A0847A798803654BB /* Pods-WeatherAppSimple-WeatherAppSimpleUITests.debug.xcconfig */;
			buildSettings = {
				CODE_SIGN_STYLE = Automatic;
				CURRENT_PROJECT_VERSION = 1;
				GENERATE_INFOPLIST_FILE = YES;
				MARKETING_VERSION = 1.0;
				PRODUCT_BUNDLE_IDENTIFIER = com.elexoft.WeatherAppSimpleUITests;
				PRODUCT_NAME = "$(TARGET_NAME)";
				SWIFT_EMIT_LOC_STRINGS = NO;
				SWIFT_VERSION = 5.0;
				TARGETED_DEVICE_FAMILY = "1,2";
				TEST_TARGET_NAME = WeatherAppSimple;
			};
			name = Debug;
		};
		D02226082D8976D700774DBB /* Release */ = {
			isa = XCBuildConfiguration;
			baseConfigurationReference = E0EC5F69C1C7D49826A8F73C /* Pods-WeatherAppSimple-WeatherAppSimpleUITests.release.xcconfig */;
			buildSettings = {
				CODE_SIGN_STYLE = Automatic;
				CURRENT_PROJECT_VERSION = 1;
				GENERATE_INFOPLIST_FILE = YES;
				MARKETING_VERSION = 1.0;
				PRODUCT_BUNDLE_IDENTIFIER = com.elexoft.WeatherAppSimpleUITests;
				PRODUCT_NAME = "$(TARGET_NAME)";
				SWIFT_EMIT_LOC_STRINGS = NO;
				SWIFT_VERSION = 5.0;
				TARGETED_DEVICE_FAMILY = "1,2";
				TEST_TARGET_NAME = WeatherAppSimple;
			};
			name = Release;
		};
/* End XCBuildConfiguration section */

/* Begin XCConfigurationList section */
		D02225D22D8976D400774DBB /* Build configuration list for PBXProject "WeatherAppSimple" */ = {
			isa = XCConfigurationList;
			buildConfigurations = (
				D02225FE2D8976D700774DBB /* Debug */,
				D02225FF2D8976D700774DBB /* Release */,
			);
			defaultConfigurationIsVisible = 0;
			defaultConfigurationName = Release;
		};
		D02226002D8976D700774DBB /* Build configuration list for PBXNativeTarget "WeatherAppSimple" */ = {
			isa = XCConfigurationList;
			buildConfigurations = (
				D02226012D8976D700774DBB /* Debug */,
				D02226022D8976D700774DBB /* Release */,
			);
			defaultConfigurationIsVisible = 0;
			defaultConfigurationName = Release;
		};
		D02226032D8976D700774DBB /* Build configuration list for PBXNativeTarget "WeatherAppSimpleTests" */ = {
			isa = XCConfigurationList;
			buildConfigurations = (
				D02226042D8976D700774DBB /* Debug */,
				D02226052D8976D700774DBB /* Release */,
			);
			defaultConfigurationIsVisible = 0;
			defaultConfigurationName = Release;
		};
		D02226062D8976D700774DBB /* Build configuration list for PBXNativeTarget "WeatherAppSimpleUITests" */ = {
			isa = XCConfigurationList;
			buildConfigurations = (
				D02226072D8976D700774DBB /* Debug */,
				D02226082D8976D700774DBB /* Release */,
			);
			defaultConfigurationIsVisible = 0;
			defaultConfigurationName = Release;
		};
/* End XCConfigurationList section */

/* Begin XCRemoteSwiftPackageReference section */
		D015340A2D8BF9AA00FEA7CB /* XCRemoteSwiftPackageReference "NVActivityIndicatorView" */ = {
			isa = XCRemoteSwiftPackageReference;
			repositoryURL = "https://github.com/ninjaprox/NVActivityIndicatorView";
			requirement = {
				kind = upToNextMajorVersion;
				minimumVersion = 5.2.0;
			};
		};
/* End XCRemoteSwiftPackageReference section */

/* Begin XCSwiftPackageProductDependency section */
		D015340B2D8BF9AA00FEA7CB /* NVActivityIndicatorView */ = {
			isa = XCSwiftPackageProductDependency;
			package = D015340A2D8BF9AA00FEA7CB /* XCRemoteSwiftPackageReference "NVActivityIndicatorView" */;
			productName = NVActivityIndicatorView;
		};
/* End XCSwiftPackageProductDependency section */
	};
	rootObject = D02225CF2D8976D400774DBB /* Project object */;
}
